
Microsoft Visual Studio Solution File, Format Version 12.00
# Visual Studio Version 16
VisualStudioVersion = 16.0.30114.105
MinimumVisualStudioVersion = 10.0.40219.1
Project("{9A19103F-16F7-4668-BE54-9A1E7A4F7556}") = "Assignment2", "Assignment2.csproj", "{289054AD-A64A-45FD-A642-8C9E8B9835A9}"
EndProject
Global
	GlobalSection(SolutionConfigurationPlatforms) = preSolution
		Debug|Any CPU = Debug|Any CPU
		Release|Any CPU = Release|Any CPU
	EndGlobalSection
	GlobalSection(ProjectConfigurationPlatforms) = postSolution
		{289054AD-A64A-45FD-A642-8C9E8B9835A9}.Debug|Any CPU.ActiveCfg = Debug|Any CPU
		{289054AD-A64A-45FD-A642-8C9E8B9835A9}.Debug|Any CPU.Build.0 = Debug|Any CPU
		{289054AD-A64A-45FD-A642-8C9E8B9835A9}.Release|Any CPU.ActiveCfg = Release|Any CPU
		{289054AD-A64A-45FD-A642-8C9E8B9835A9}.Release|Any CPU.Build.0 = Release|Any CPU
	EndGlobalSection
	GlobalSection(SolutionProperties) = preSolution
		HideSolutionNode = FALSE
	EndGlobalSection
	GlobalSection(ExtensibilityGlobals) = postSolution
		SolutionGuid = {BBCB1F24-25AD-4485-A42C-D9074617531F}
	EndGlobalSection
EndGlobal
